
Microsoft Visual Studio Solution File, Format Version 12.00
# Visual Studio Version 17
VisualStudioVersion = 17.6.33801.468
MinimumVisualStudioVersion = 10.0.40219.1
Project("{FAE04EC0-301F-11D3-BF4B-00C04F79EFBC}") = "FirstWPFapp", "FirstWPFapp\FirstWPFapp.csproj", "{C392D7E1-8AE3-4198-81A7-4616A291819B}"
EndProject
Global
	GlobalSection(SolutionConfigurationPlatforms) = preSolution
		Debug|Any CPU = Debug|Any CPU
		Release|Any CPU = Release|Any CPU
	EndGlobalSection
	GlobalSection(ProjectConfigurationPlatforms) = postSolution
		{C392D7E1-8AE3-4198-81A7-4616A291819B}.Debug|Any CPU.ActiveCfg = Debug|Any CPU
		{C392D7E1-8AE3-4198-81A7-4616A291819B}.Debug|Any CPU.Build.0 = Debug|Any CPU
		{C392D7E1-8AE3-4198-81A7-4616A291819B}.Release|Any CPU.ActiveCfg = Release|Any CPU
		{C392D7E1-8AE3-4198-81A7-4616A291819B}.Release|Any CPU.Build.0 = Release|Any CPU
	EndGlobalSection
	GlobalSection(SolutionProperties) = preSolution
		HideSolutionNode = FALSE
	EndGlobalSection
	GlobalSection(ExtensibilityGlobals) = postSolution
		SolutionGuid = {244BA079-1E66-47BB-9B7B-2F75CEA81D44}
	EndGlobalSection
EndGlobal
